// !$*UTF8*$!
{
	archiveVersion = 1;
	classes = {
	};
	objectVersion = 50;
	objects = {

/* Begin PBXBuildFile section */
		064432BC0CB561CC91ACE092 /* Pods_RxSwiftGuide.framework in Frameworks */ = {isa = PBXBuildFile; fileRef = D219C5BF5E7E155F6C73E171 /* Pods_RxSwiftGuide.framework */; };
		1893DB8E411A8B4A7249056C /* Pods_RxSwiftGuideTests.framework in Frameworks */ = {isa = PBXBuildFile; fileRef = 032FE006CD7A3FCCFBB88463 /* Pods_RxSwiftGuideTests.framework */; };
		9689BFE54834E6216DA80D59 /* Pods_RxSwiftGuideUITests.framework in Frameworks */ = {isa = PBXBuildFile; fileRef = 2CFED3989141FAF9C8DED78D /* Pods_RxSwiftGuideUITests.framework */; };
		FD0FC23C20DCF4D2009FC61A /* TheObservable.swift in Sources */ = {isa = PBXBuildFile; fileRef = FD0FC23B20DCF4D2009FC61A /* TheObservable.swift */; };
		FD7F778520DBA33900E2B2CA /* DataBind.swift in Sources */ = {isa = PBXBuildFile; fileRef = FD7F778320DBA33900E2B2CA /* DataBind.swift */; };
		FD7F778620DBA33900E2B2CA /* DataBind.xib in Resources */ = {isa = PBXBuildFile; fileRef = FD7F778420DBA33900E2B2CA /* DataBind.xib */; };
		FD8885BF20D9093B00276455 /* AppDelegate.swift in Sources */ = {isa = PBXBuildFile; fileRef = FD8885BE20D9093B00276455 /* AppDelegate.swift */; };
		FD8885C120D9093B00276455 /* ViewController.swift in Sources */ = {isa = PBXBuildFile; fileRef = FD8885C020D9093B00276455 /* ViewController.swift */; };
		FD8885C420D9093B00276455 /* Main.storyboard in Resources */ = {isa = PBXBuildFile; fileRef = FD8885C220D9093B00276455 /* Main.storyboard */; };
		FD8885C620D9093C00276455 /* Assets.xcassets in Resources */ = {isa = PBXBuildFile; fileRef = FD8885C520D9093C00276455 /* Assets.xcassets */; };
		FD8885C920D9093C00276455 /* LaunchScreen.storyboard in Resources */ = {isa = PBXBuildFile; fileRef = FD8885C720D9093C00276455 /* LaunchScreen.storyboard */; };
		FD8885D420D9093C00276455 /* RxSwiftGuideTests.swift in Sources */ = {isa = PBXBuildFile; fileRef = FD8885D320D9093C00276455 /* RxSwiftGuideTests.swift */; };
		FD8885DF20D9093C00276455 /* RxSwiftGuideUITests.swift in Sources */ = {isa = PBXBuildFile; fileRef = FD8885DE20D9093C00276455 /* RxSwiftGuideUITests.swift */; };
		FDF37D2620DA233D00C5F05E /* Student.swift in Sources */ = {isa = PBXBuildFile; fileRef = FDF37D2520DA233D00C5F05E /* Student.swift */; };
		FDF37D2820DA234700C5F05E /* FunctionalProgramming.swift in Sources */ = {isa = PBXBuildFile; fileRef = FDF37D2720DA234700C5F05E /* FunctionalProgramming.swift */; };
		FDF37D2B20DA25F600C5F05E /* FunctionResponseProgramming.swift in Sources */ = {isa = PBXBuildFile; fileRef = FDF37D2A20DA25F600C5F05E /* FunctionResponseProgramming.swift */; };
		FDF37D3020DA3DD000C5F05E /* SimpleValidation.swift in Sources */ = {isa = PBXBuildFile; fileRef = FDF37D2E20DA3DD000C5F05E /* SimpleValidation.swift */; };
		FDF37D3120DA3DD000C5F05E /* SimpleValidation.xib in Resources */ = {isa = PBXBuildFile; fileRef = FDF37D2F20DA3DD000C5F05E /* SimpleValidation.xib */; };
/* End PBXBuildFile section */

/* Begin PBXContainerItemProxy section */
		FD8885D020D9093C00276455 /* PBXContainerItemProxy */ = {
			isa = PBXContainerItemProxy;
			containerPortal = FD8885B320D9093B00276455 /* Project object */;
			proxyType = 1;
			remoteGlobalIDString = FD8885BA20D9093B00276455;
			remoteInfo = RxSwiftGuide;
		};
		FD8885DB20D9093C00276455 /* PBXContainerItemProxy */ = {
			isa = PBXContainerItemProxy;
			containerPortal = FD8885B320D9093B00276455 /* Project object */;
			proxyType = 1;
			remoteGlobalIDString = FD8885BA20D9093B00276455;
			remoteInfo = RxSwiftGuide;
		};
/* End PBXContainerItemProxy section */

/* Begin PBXFileReference section */
		032FE006CD7A3FCCFBB88463 /* Pods_RxSwiftGuideTests.framework */ = {isa = PBXFileReference; explicitFileType = wrapper.framework; includeInIndex = 0; path = Pods_RxSwiftGuideTests.framework; sourceTree = BUILT_PRODUCTS_DIR; };
		2CFED3989141FAF9C8DED78D /* Pods_RxSwiftGuideUITests.framework */ = {isa = PBXFileReference; explicitFileType = wrapper.framework; includeInIndex = 0; path = Pods_RxSwiftGuideUITests.framework; sourceTree = BUILT_PRODUCTS_DIR; };
		69FAC89AD920DA861EA831F6 /* Pods-RxSwiftGuideUITests.debug.xcconfig */ = {isa = PBXFileReference; includeInIndex = 1; lastKnownFileType = text.xcconfig; name = "Pods-RxSwiftGuideUITests.debug.xcconfig"; path = "Pods/Target Support Files/Pods-RxSwiftGuideUITests/Pods-RxSwiftGuideUITests.debug.xcconfig"; sourceTree = "<group>"; };
		6CC3E021430C4FA08A305C39 /* Pods-RxSwiftGuide.release.xcconfig */ = {isa = PBXFileReference; includeInIndex = 1; lastKnownFileType = text.xcconfig; name = "Pods-RxSwiftGuide.release.xcconfig"; path = "Pods/Target Support Files/Pods-RxSwiftGuide/Pods-RxSwiftGuide.release.xcconfig"; sourceTree = "<group>"; };
		6D154FB43FBD541287D99A6B /* Pods-RxSwiftGuideUITests.release.xcconfig */ = {isa = PBXFileReference; includeInIndex = 1; lastKnownFileType = text.xcconfig; name = "Pods-RxSwiftGuideUITests.release.xcconfig"; path = "Pods/Target Support Files/Pods-RxSwiftGuideUITests/Pods-RxSwiftGuideUITests.release.xcconfig"; sourceTree = "<group>"; };
		703B37C1ACEB2C2BB8828F37 /* Pods-RxSwiftGuideTests.release.xcconfig */ = {isa = PBXFileReference; includeInIndex = 1; lastKnownFileType = text.xcconfig; name = "Pods-RxSwiftGuideTests.release.xcconfig"; path = "Pods/Target Support Files/Pods-RxSwiftGuideTests/Pods-RxSwiftGuideTests.release.xcconfig"; sourceTree = "<group>"; };
		ACC6926E8E346DA7E1684390 /* Pods-RxSwiftGuideTests.debug.xcconfig */ = {isa = PBXFileReference; includeInIndex = 1; lastKnownFileType = text.xcconfig; name = "Pods-RxSwiftGuideTests.debug.xcconfig"; path = "Pods/Target Support Files/Pods-RxSwiftGuideTests/Pods-RxSwiftGuideTests.debug.xcconfig"; sourceTree = "<group>"; };
		C9FDDD4759865DA241054FF4 /* Pods-RxSwiftGuide.debug.xcconfig */ = {isa = PBXFileReference; includeInIndex = 1; lastKnownFileType = text.xcconfig; name = "Pods-RxSwiftGuide.debug.xcconfig"; path = "Pods/Target Support Files/Pods-RxSwiftGuide/Pods-RxSwiftGuide.debug.xcconfig"; sourceTree = "<group>"; };
		D219C5BF5E7E155F6C73E171 /* Pods_RxSwiftGuide.framework */ = {isa = PBXFileReference; explicitFileType = wrapper.framework; includeInIndex = 0; path = Pods_RxSwiftGuide.framework; sourceTree = BUILT_PRODUCTS_DIR; };
		FD0FC23B20DCF4D2009FC61A /* TheObservable.swift */ = {isa = PBXFileReference; lastKnownFileType = sourcecode.swift; path = TheObservable.swift; sourceTree = "<group>"; };
		FD7F778320DBA33900E2B2CA /* DataBind.swift */ = {isa = PBXFileReference; lastKnownFileType = sourcecode.swift; path = DataBind.swift; sourceTree = "<group>"; };
		FD7F778420DBA33900E2B2CA /* DataBind.xib */ = {isa = PBXFileReference; lastKnownFileType = file.xib; path = DataBind.xib; sourceTree = "<group>"; };
		FD8885BB20D9093B00276455 /* RxSwiftGuide.app */ = {isa = PBXFileReference; explicitFileType = wrapper.application; includeInIndex = 0; path = RxSwiftGuide.app; sourceTree = BUILT_PRODUCTS_DIR; };
		FD8885BE20D9093B00276455 /* AppDelegate.swift */ = {isa = PBXFileReference; lastKnownFileType = sourcecode.swift; path = AppDelegate.swift; sourceTree = "<group>"; };
		FD8885C020D9093B00276455 /* ViewController.swift */ = {isa = PBXFileReference; lastKnownFileType = sourcecode.swift; path = ViewController.swift; sourceTree = "<group>"; };
		FD8885C320D9093B00276455 /* Base */ = {isa = PBXFileReference; lastKnownFileType = file.storyboard; name = Base; path = Base.lproj/Main.storyboard; sourceTree = "<group>"; };
		FD8885C520D9093C00276455 /* Assets.xcassets */ = {isa = PBXFileReference; lastKnownFileType = folder.assetcatalog; path = Assets.xcassets; sourceTree = "<group>"; };
		FD8885C820D9093C00276455 /* Base */ = {isa = PBXFileReference; lastKnownFileType = file.storyboard; name = Base; path = Base.lproj/LaunchScreen.storyboard; sourceTree = "<group>"; };
		FD8885CA20D9093C00276455 /* Info.plist */ = {isa = PBXFileReference; lastKnownFileType = text.plist.xml; path = Info.plist; sourceTree = "<group>"; };
		FD8885CF20D9093C00276455 /* RxSwiftGuideTests.xctest */ = {isa = PBXFileReference; explicitFileType = wrapper.cfbundle; includeInIndex = 0; path = RxSwiftGuideTests.xctest; sourceTree = BUILT_PRODUCTS_DIR; };
		FD8885D320D9093C00276455 /* RxSwiftGuideTests.swift */ = {isa = PBXFileReference; lastKnownFileType = sourcecode.swift; path = RxSwiftGuideTests.swift; sourceTree = "<group>"; };
		FD8885D520D9093C00276455 /* Info.plist */ = {isa = PBXFileReference; lastKnownFileType = text.plist.xml; path = Info.plist; sourceTree = "<group>"; };
		FD8885DA20D9093C00276455 /* RxSwiftGuideUITests.xctest */ = {isa = PBXFileReference; explicitFileType = wrapper.cfbundle; includeInIndex = 0; path = RxSwiftGuideUITests.xctest; sourceTree = BUILT_PRODUCTS_DIR; };
		FD8885DE20D9093C00276455 /* RxSwiftGuideUITests.swift */ = {isa = PBXFileReference; lastKnownFileType = sourcecode.swift; path = RxSwiftGuideUITests.swift; sourceTree = "<group>"; };
		FD8885E020D9093C00276455 /* Info.plist */ = {isa = PBXFileReference; lastKnownFileType = text.plist.xml; path = Info.plist; sourceTree = "<group>"; };
		FDF37D2520DA233D00C5F05E /* Student.swift */ = {isa = PBXFileReference; fileEncoding = 4; lastKnownFileType = sourcecode.swift; path = Student.swift; sourceTree = "<group>"; };
		FDF37D2720DA234700C5F05E /* FunctionalProgramming.swift */ = {isa = PBXFileReference; lastKnownFileType = sourcecode.swift; path = FunctionalProgramming.swift; sourceTree = "<group>"; };
		FDF37D2A20DA25F600C5F05E /* FunctionResponseProgramming.swift */ = {isa = PBXFileReference; lastKnownFileType = sourcecode.swift; path = FunctionResponseProgramming.swift; sourceTree = "<group>"; };
		FDF37D2E20DA3DD000C5F05E /* SimpleValidation.swift */ = {isa = PBXFileReference; lastKnownFileType = sourcecode.swift; path = SimpleValidation.swift; sourceTree = "<group>"; };
		FDF37D2F20DA3DD000C5F05E /* SimpleValidation.xib */ = {isa = PBXFileReference; lastKnownFileType = file.xib; path = SimpleValidation.xib; sourceTree = "<group>"; };
/* End PBXFileReference section */

/* Begin PBXFrameworksBuildPhase section */
		FD8885B820D9093B00276455 /* Frameworks */ = {
			isa = PBXFrameworksBuildPhase;
			buildActionMask = 2147483647;
			files = (
				064432BC0CB561CC91ACE092 /* Pods_RxSwiftGuide.framework in Frameworks */,
			);
			runOnlyForDeploymentPostprocessing = 0;
		};
		FD8885CC20D9093C00276455 /* Frameworks */ = {
			isa = PBXFrameworksBuildPhase;
			buildActionMask = 2147483647;
			files = (
				1893DB8E411A8B4A7249056C /* Pods_RxSwiftGuideTests.framework in Frameworks */,
			);
			runOnlyForDeploymentPostprocessing = 0;
		};
		FD8885D720D9093C00276455 /* Frameworks */ = {
			isa = PBXFrameworksBuildPhase;
			buildActionMask = 2147483647;
			files = (
				9689BFE54834E6216DA80D59 /* Pods_RxSwiftGuideUITests.framework in Frameworks */,
			);
			runOnlyForDeploymentPostprocessing = 0;
		};
/* End PBXFrameworksBuildPhase section */

/* Begin PBXGroup section */
		0E5702A76A832827C2300078 /* Pods */ = {
			isa = PBXGroup;
			children = (
				C9FDDD4759865DA241054FF4 /* Pods-RxSwiftGuide.debug.xcconfig */,
				6CC3E021430C4FA08A305C39 /* Pods-RxSwiftGuide.release.xcconfig */,
				ACC6926E8E346DA7E1684390 /* Pods-RxSwiftGuideTests.debug.xcconfig */,
				703B37C1ACEB2C2BB8828F37 /* Pods-RxSwiftGuideTests.release.xcconfig */,
				69FAC89AD920DA861EA831F6 /* Pods-RxSwiftGuideUITests.debug.xcconfig */,
				6D154FB43FBD541287D99A6B /* Pods-RxSwiftGuideUITests.release.xcconfig */,
			);
			name = Pods;
			sourceTree = "<group>";
		};
		6965ECA99199C1CCD1891270 /* Frameworks */ = {
			isa = PBXGroup;
			children = (
				D219C5BF5E7E155F6C73E171 /* Pods_RxSwiftGuide.framework */,
				032FE006CD7A3FCCFBB88463 /* Pods_RxSwiftGuideTests.framework */,
				2CFED3989141FAF9C8DED78D /* Pods_RxSwiftGuideUITests.framework */,
			);
			name = Frameworks;
			sourceTree = "<group>";
		};
		FD0FC23820DCF284009FC61A /* Observable */ = {
			isa = PBXGroup;
			children = (
				FD0FC23B20DCF4D2009FC61A /* TheObservable.swift */,
			);
			path = Observable;
			sourceTree = "<group>";
		};
		FD7F778020DBA2ED00E2B2CA /* DataBind */ = {
			isa = PBXGroup;
			children = (
				FD7F778320DBA33900E2B2CA /* DataBind.swift */,
				FD7F778420DBA33900E2B2CA /* DataBind.xib */,
			);
			path = DataBind;
			sourceTree = "<group>";
		};
		FD8885B220D9093B00276455 = {
			isa = PBXGroup;
			children = (
				FD8885BD20D9093B00276455 /* RxSwiftGuide */,
				FD8885D220D9093C00276455 /* RxSwiftGuideTests */,
				FD8885DD20D9093C00276455 /* RxSwiftGuideUITests */,
				FD8885BC20D9093B00276455 /* Products */,
				0E5702A76A832827C2300078 /* Pods */,
				6965ECA99199C1CCD1891270 /* Frameworks */,
			);
			sourceTree = "<group>";
		};
		FD8885BC20D9093B00276455 /* Products */ = {
			isa = PBXGroup;
			children = (
				FD8885BB20D9093B00276455 /* RxSwiftGuide.app */,
				FD8885CF20D9093C00276455 /* RxSwiftGuideTests.xctest */,
				FD8885DA20D9093C00276455 /* RxSwiftGuideUITests.xctest */,
			);
			name = Products;
			sourceTree = "<group>";
		};
		FD8885BD20D9093B00276455 /* RxSwiftGuide */ = {
			isa = PBXGroup;
			children = (
				FD0FC23820DCF284009FC61A /* Observable */,
				FD7F778020DBA2ED00E2B2CA /* DataBind */,
				FDF37D2D20DA3DB400C5F05E /* SimpleValidation */,
				FDF37D2420DA232900C5F05E /* FunctionalProgramming */,
				FDF37D2920DA25E400C5F05E /* FunctionResponseProgramming */,
				FD8885BE20D9093B00276455 /* AppDelegate.swift */,
				FD8885C020D9093B00276455 /* ViewController.swift */,
				FD8885C220D9093B00276455 /* Main.storyboard */,
				FD8885C520D9093C00276455 /* Assets.xcassets */,
				FD8885C720D9093C00276455 /* LaunchScreen.storyboard */,
				FD8885CA20D9093C00276455 /* Info.plist */,
			);
			path = RxSwiftGuide;
			sourceTree = "<group>";
		};
		FD8885D220D9093C00276455 /* RxSwiftGuideTests */ = {
			isa = PBXGroup;
			children = (
				FD8885D320D9093C00276455 /* RxSwiftGuideTests.swift */,
				FD8885D520D9093C00276455 /* Info.plist */,
			);
			path = RxSwiftGuideTests;
			sourceTree = "<group>";
		};
		FD8885DD20D9093C00276455 /* RxSwiftGuideUITests */ = {
			isa = PBXGroup;
			children = (
				FD8885DE20D9093C00276455 /* RxSwiftGuideUITests.swift */,
				FD8885E020D9093C00276455 /* Info.plist */,
			);
			path = RxSwiftGuideUITests;
			sourceTree = "<group>";
		};
		FDF37D2420DA232900C5F05E /* FunctionalProgramming */ = {
			isa = PBXGroup;
			children = (
				FDF37D2720DA234700C5F05E /* FunctionalProgramming.swift */,
				FDF37D2520DA233D00C5F05E /* Student.swift */,
			);
			path = FunctionalProgramming;
			sourceTree = "<group>";
		};
		FDF37D2920DA25E400C5F05E /* FunctionResponseProgramming */ = {
			isa = PBXGroup;
			children = (
				FDF37D2A20DA25F600C5F05E /* FunctionResponseProgramming.swift */,
			);
			path = FunctionResponseProgramming;
			sourceTree = "<group>";
		};
		FDF37D2D20DA3DB400C5F05E /* SimpleValidation */ = {
			isa = PBXGroup;
			children = (
				FDF37D2E20DA3DD000C5F05E /* SimpleValidation.swift */,
				FDF37D2F20DA3DD000C5F05E /* SimpleValidation.xib */,
			);
			path = SimpleValidation;
			sourceTree = "<group>";
		};
/* End PBXGroup section */

/* Begin PBXNativeTarget section */
		FD8885BA20D9093B00276455 /* RxSwiftGuide */ = {
			isa = PBXNativeTarget;
			buildConfigurationList = FD8885E320D9093C00276455 /* Build configuration list for PBXNativeTarget "RxSwiftGuide" */;
			buildPhases = (
				5EF14939A0D8963C169C4240 /* [CP] Check Pods Manifest.lock */,
				FD8885B720D9093B00276455 /* Sources */,
				FD8885B820D9093B00276455 /* Frameworks */,
				FD8885B920D9093B00276455 /* Resources */,
				9BAE83E783362E9698EE335B /* [CP] Embed Pods Frameworks */,
			);
			buildRules = (
			);
			dependencies = (
			);
			name = RxSwiftGuide;
			productName = RxSwiftGuide;
			productReference = FD8885BB20D9093B00276455 /* RxSwiftGuide.app */;
			productType = "com.apple.product-type.application";
		};
		FD8885CE20D9093C00276455 /* RxSwiftGuideTests */ = {
			isa = PBXNativeTarget;
			buildConfigurationList = FD8885E620D9093C00276455 /* Build configuration list for PBXNativeTarget "RxSwiftGuideTests" */;
			buildPhases = (
				28F367F497448A2FFB9D60E1 /* [CP] Check Pods Manifest.lock */,
				FD8885CB20D9093C00276455 /* Sources */,
				FD8885CC20D9093C00276455 /* Frameworks */,
				FD8885CD20D9093C00276455 /* Resources */,
			);
			buildRules = (
			);
			dependencies = (
				FD8885D120D9093C00276455 /* PBXTargetDependency */,
			);
			name = RxSwiftGuideTests;
			productName = RxSwiftGuideTests;
			productReference = FD8885CF20D9093C00276455 /* RxSwiftGuideTests.xctest */;
			productType = "com.apple.product-type.bundle.unit-test";
		};
		FD8885D920D9093C00276455 /* RxSwiftGuideUITests */ = {
			isa = PBXNativeTarget;
			buildConfigurationList = FD8885E920D9093C00276455 /* Build configuration list for PBXNativeTarget "RxSwiftGuideUITests" */;
			buildPhases = (
				D0A5948642927B45FE6167B0 /* [CP] Check Pods Manifest.lock */,
				FD8885D620D9093C00276455 /* Sources */,
				FD8885D720D9093C00276455 /* Frameworks */,
				FD8885D820D9093C00276455 /* Resources */,
			);
			buildRules = (
			);
			dependencies = (
				FD8885DC20D9093C00276455 /* PBXTargetDependency */,
			);
			name = RxSwiftGuideUITests;
			productName = RxSwiftGuideUITests;
			productReference = FD8885DA20D9093C00276455 /* RxSwiftGuideUITests.xctest */;
			productType = "com.apple.product-type.bundle.ui-testing";
		};
/* End PBXNativeTarget section */

/* Begin PBXProject section */
		FD8885B320D9093B00276455 /* Project object */ = {
			isa = PBXProject;
			attributes = {
				LastSwiftUpdateCheck = 0930;
				LastUpgradeCheck = 0930;
				ORGANIZATIONNAME = qingfengiOS;
				TargetAttributes = {
					FD8885BA20D9093B00276455 = {
						CreatedOnToolsVersion = 9.3;
					};
					FD8885CE20D9093C00276455 = {
						CreatedOnToolsVersion = 9.3;
						TestTargetID = FD8885BA20D9093B00276455;
					};
					FD8885D920D9093C00276455 = {
						CreatedOnToolsVersion = 9.3;
						TestTargetID = FD8885BA20D9093B00276455;
					};
				};
			};
			buildConfigurationList = FD8885B620D9093B00276455 /* Build configuration list for PBXProject "RxSwiftGuide" */;
			compatibilityVersion = "Xcode 9.3";
			developmentRegion = en;
			hasScannedForEncodings = 0;
			knownRegions = (
				en,
				Base,
			);
			mainGroup = FD8885B220D9093B00276455;
			productRefGroup = FD8885BC20D9093B00276455 /* Products */;
			projectDirPath = "";
			projectRoot = "";
			targets = (
				FD8885BA20D9093B00276455 /* RxSwiftGuide */,
				FD8885CE20D9093C00276455 /* RxSwiftGuideTests */,
				FD8885D920D9093C00276455 /* RxSwiftGuideUITests */,
			);
		};
/* End PBXProject section */

/* Begin PBXResourcesBuildPhase section */
		FD8885B920D9093B00276455 /* Resources */ = {
			isa = PBXResourcesBuildPhase;
			buildActionMask = 2147483647;
			files = (
				FD8885C920D9093C00276455 /* LaunchScreen.storyboard in Resources */,
				FD8885C620D9093C00276455 /* Assets.xcassets in Resources */,
				FDF37D3120DA3DD000C5F05E /* SimpleValidation.xib in Resources */,
				FD8885C420D9093B00276455 /* Main.storyboard in Resources */,
				FD7F778620DBA33900E2B2CA /* DataBind.xib in Resources */,
			);
			runOnlyForDeploymentPostprocessing = 0;
		};
		FD8885CD20D9093C00276455 /* Resources */ = {
			isa = PBXResourcesBuildPhase;
			buildActionMask = 2147483647;
			files = (
			);
			runOnlyForDeploymentPostprocessing = 0;
		};
		FD8885D820D9093C00276455 /* Resources */ = {
			isa = PBXResourcesBuildPhase;
			buildActionMask = 2147483647;
			files = (
			);
			runOnlyForDeploymentPostprocessing = 0;
		};
/* End PBXResourcesBuildPhase section */

/* Begin PBXShellScriptBuildPhase section */
		28F367F497448A2FFB9D60E1 /* [CP] Check Pods Manifest.lock */ = {
			isa = PBXShellScriptBuildPhase;
			buildActionMask = 2147483647;
			files = (
			);
			inputPaths = (
				"${PODS_PODFILE_DIR_PATH}/Podfile.lock",
				"${PODS_ROOT}/Manifest.lock",
			);
			name = "[CP] Check Pods Manifest.lock";
			outputPaths = (
				"$(DERIVED_FILE_DIR)/Pods-RxSwiftGuideTests-checkManifestLockResult.txt",
			);
			runOnlyForDeploymentPostprocessing = 0;
			shellPath = /bin/sh;
			shellScript = "diff \"${PODS_PODFILE_DIR_PATH}/Podfile.lock\" \"${PODS_ROOT}/Manifest.lock\" > /dev/null\nif [ $? != 0 ] ; then\n    # print error to STDERR\n    echo \"error: The sandbox is not in sync with the Podfile.lock. Run 'pod install' or update your CocoaPods installation.\" >&2\n    exit 1\nfi\n# This output is used by Xcode 'outputs' to avoid re-running this script phase.\necho \"SUCCESS\" > \"${SCRIPT_OUTPUT_FILE_0}\"\n";
			showEnvVarsInLog = 0;
		};
		5EF14939A0D8963C169C4240 /* [CP] Check Pods Manifest.lock */ = {
			isa = PBXShellScriptBuildPhase;
			buildActionMask = 2147483647;
			files = (
			);
			inputPaths = (
				"${PODS_PODFILE_DIR_PATH}/Podfile.lock",
				"${PODS_ROOT}/Manifest.lock",
			);
			name = "[CP] Check Pods Manifest.lock";
			outputPaths = (
				"$(DERIVED_FILE_DIR)/Pods-RxSwiftGuide-checkManifestLockResult.txt",
			);
			runOnlyForDeploymentPostprocessing = 0;
			shellPath = /bin/sh;
			shellScript = "diff \"${PODS_PODFILE_DIR_PATH}/Podfile.lock\" \"${PODS_ROOT}/Manifest.lock\" > /dev/null\nif [ $? != 0 ] ; then\n    # print error to STDERR\n    echo \"error: The sandbox is not in sync with the Podfile.lock. Run 'pod install' or update your CocoaPods installation.\" >&2\n    exit 1\nfi\n# This output is used by Xcode 'outputs' to avoid re-running this script phase.\necho \"SUCCESS\" > \"${SCRIPT_OUTPUT_FILE_0}\"\n";
			showEnvVarsInLog = 0;
		};
		9BAE83E783362E9698EE335B /* [CP] Embed Pods Frameworks */ = {
			isa = PBXShellScriptBuildPhase;
			buildActionMask = 2147483647;
			files = (
			);
			inputPaths = (
				"${SRCROOT}/Pods/Target Support Files/Pods-RxSwiftGuide/Pods-RxSwiftGuide-frameworks.sh",
				"${BUILT_PRODUCTS_DIR}/RxCocoa/RxCocoa.framework",
				"${BUILT_PRODUCTS_DIR}/RxSwift/RxSwift.framework",
			);
			name = "[CP] Embed Pods Frameworks";
			outputPaths = (
				"${TARGET_BUILD_DIR}/${FRAMEWORKS_FOLDER_PATH}/RxCocoa.framework",
				"${TARGET_BUILD_DIR}/${FRAMEWORKS_FOLDER_PATH}/RxSwift.framework",
			);
			runOnlyForDeploymentPostprocessing = 0;
			shellPath = /bin/sh;
			shellScript = "\"${SRCROOT}/Pods/Target Support Files/Pods-RxSwiftGuide/Pods-RxSwiftGuide-frameworks.sh\"\n";
			showEnvVarsInLog = 0;
		};
		D0A5948642927B45FE6167B0 /* [CP] Check Pods Manifest.lock */ = {
			isa = PBXShellScriptBuildPhase;
			buildActionMask = 2147483647;
			files = (
			);
			inputPaths = (
				"${PODS_PODFILE_DIR_PATH}/Podfile.lock",
				"${PODS_ROOT}/Manifest.lock",
			);
			name = "[CP] Check Pods Manifest.lock";
			outputPaths = (
				"$(DERIVED_FILE_DIR)/Pods-RxSwiftGuideUITests-checkManifestLockResult.txt",
			);
			runOnlyForDeploymentPostprocessing = 0;
			shellPath = /bin/sh;
			shellScript = "diff \"${PODS_PODFILE_DIR_PATH}/Podfile.lock\" \"${PODS_ROOT}/Manifest.lock\" > /dev/null\nif [ $? != 0 ] ; then\n    # print error to STDERR\n    echo \"error: The sandbox is not in sync with the Podfile.lock. Run 'pod install' or update your CocoaPods installation.\" >&2\n    exit 1\nfi\n# This output is used by Xcode 'outputs' to avoid re-running this script phase.\necho \"SUCCESS\" > \"${SCRIPT_OUTPUT_FILE_0}\"\n";
			showEnvVarsInLog = 0;
		};
/* End PBXShellScriptBuildPhase section */

/* Begin PBXSourcesBuildPhase section */
		FD8885B720D9093B00276455 /* Sources */ = {
			isa = PBXSourcesBuildPhase;
			buildActionMask = 2147483647;
			files = (
				FDF37D3020DA3DD000C5F05E /* SimpleValidation.swift in Sources */,
				FDF37D2820DA234700C5F05E /* FunctionalProgramming.swift in Sources */,
				FD8885C120D9093B00276455 /* ViewController.swift in Sources */,
				FDF37D2620DA233D00C5F05E /* Student.swift in Sources */,
				FD0FC23C20DCF4D2009FC61A /* TheObservable.swift in Sources */,
				FD8885BF20D9093B00276455 /* AppDelegate.swift in Sources */,
				FD7F778520DBA33900E2B2CA /* DataBind.swift in Sources */,
				FDF37D2B20DA25F600C5F05E /* FunctionResponseProgramming.swift in Sources */,
			);
			runOnlyForDeploymentPostprocessing = 0;
		};
		FD8885CB20D9093C00276455 /* Sources */ = {
			isa = PBXSourcesBuildPhase;
			buildActionMask = 2147483647;
			files = (
				FD8885D420D9093C00276455 /* RxSwiftGuideTests.swift in Sources */,
			);
			runOnlyForDeploymentPostprocessing = 0;
		};
		FD8885D620D9093C00276455 /* Sources */ = {
			isa = PBXSourcesBuildPhase;
			buildActionMask = 2147483647;
			files = (
				FD8885DF20D9093C00276455 /* RxSwiftGuideUITests.swift in Sources */,
			);
			runOnlyForDeploymentPostprocessing = 0;
		};
/* End PBXSourcesBuildPhase section */

/* Begin PBXTargetDependency section */
		FD8885D120D9093C00276455 /* PBXTargetDependency */ = {
			isa = PBXTargetDependency;
			target = FD8885BA20D9093B00276455 /* RxSwiftGuide */;
			targetProxy = FD8885D020D9093C00276455 /* PBXContainerItemProxy */;
		};
		FD8885DC20D9093C00276455 /* PBXTargetDependency */ = {
			isa = PBXTargetDependency;
			target = FD8885BA20D9093B00276455 /* RxSwiftGuide */;
			targetProxy = FD8885DB20D9093C00276455 /* PBXContainerItemProxy */;
		};
/* End PBXTargetDependency section */

/* Begin PBXVariantGroup section */
		FD8885C220D9093B00276455 /* Main.storyboard */ = {
			isa = PBXVariantGroup;
			children = (
				FD8885C320D9093B00276455 /* Base */,
			);
			name = Main.storyboard;
			sourceTree = "<group>";
		};
		FD8885C720D9093C00276455 /* LaunchScreen.storyboard */ = {
			isa = PBXVariantGroup;
			children = (
				FD8885C820D9093C00276455 /* Base */,
			);
			name = LaunchScreen.storyboard;
			sourceTree = "<group>";
		};
/* End PBXVariantGroup section */

/* Begin XCBuildConfiguration section */
		FD8885E120D9093C00276455 /* Debug */ = {
			isa = XCBuildConfiguration;
			buildSettings = {
				ALWAYS_SEARCH_USER_PATHS = NO;
				CLANG_ANALYZER_NONNULL = YES;
				CLANG_ANALYZER_NUMBER_OBJECT_CONVERSION = YES_AGGRESSIVE;
				CLANG_CXX_LANGUAGE_STANDARD = "gnu++14";
				CLANG_CXX_LIBRARY = "libc++";
				CLANG_ENABLE_MODULES = YES;
				CLANG_ENABLE_OBJC_ARC = YES;
				CLANG_ENABLE_OBJC_WEAK = YES;
				CLANG_WARN_BLOCK_CAPTURE_AUTORELEASING = YES;
				CLANG_WARN_BOOL_CONVERSION = YES;
				CLANG_WARN_COMMA = YES;
				CLANG_WARN_CONSTANT_CONVERSION = YES;
				CLANG_WARN_DEPRECATED_OBJC_IMPLEMENTATIONS = YES;
				CLANG_WARN_DIRECT_OBJC_ISA_USAGE = YES_ERROR;
				CLANG_WARN_DOCUMENTATION_COMMENTS = YES;
				CLANG_WARN_EMPTY_BODY = YES;
				CLANG_WARN_ENUM_CONVERSION = YES;
				CLANG_WARN_INFINITE_RECURSION = YES;
				CLANG_WARN_INT_CONVERSION = YES;
				CLANG_WARN_NON_LITERAL_NULL_CONVERSION = YES;
				CLANG_WARN_OBJC_IMPLICIT_RETAIN_SELF = YES;
				CLANG_WARN_OBJC_LITERAL_CONVERSION = YES;
				CLANG_WARN_OBJC_ROOT_CLASS = YES_ERROR;
				CLANG_WARN_RANGE_LOOP_ANALYSIS = YES;
				CLANG_WARN_STRICT_PROTOTYPES = YES;
				CLANG_WARN_SUSPICIOUS_MOVE = YES;
				CLANG_WARN_UNGUARDED_AVAILABILITY = YES_AGGRESSIVE;
				CLANG_WARN_UNREACHABLE_CODE = YES;
				CLANG_WARN__DUPLICATE_METHOD_MATCH = YES;
				CODE_SIGN_IDENTITY = "iPhone Developer";
				COPY_PHASE_STRIP = NO;
				DEBUG_INFORMATION_FORMAT = dwarf;
				ENABLE_STRICT_OBJC_MSGSEND = YES;
				ENABLE_TESTABILITY = YES;
				GCC_C_LANGUAGE_STANDARD = gnu11;
				GCC_DYNAMIC_NO_PIC = NO;
				GCC_NO_COMMON_BLOCKS = YES;
				GCC_OPTIMIZATION_LEVEL = 0;
				GCC_PREPROCESSOR_DEFINITIONS = (
					"DEBUG=1",
					"$(inherited)",
				);
				GCC_WARN_64_TO_32_BIT_CONVERSION = YES;
				GCC_WARN_ABOUT_RETURN_TYPE = YES_ERROR;
				GCC_WARN_UNDECLARED_SELECTOR = YES;
				GCC_WARN_UNINITIALIZED_AUTOS = YES_AGGRESSIVE;
				GCC_WARN_UNUSED_FUNCTION = YES;
				GCC_WARN_UNUSED_VARIABLE = YES;
				IPHONEOS_DEPLOYMENT_TARGET = 11.3;
				MTL_ENABLE_DEBUG_INFO = YES;
				ONLY_ACTIVE_ARCH = YES;
				SDKROOT = iphoneos;
				SWIFT_ACTIVE_COMPILATION_CONDITIONS = DEBUG;
				SWIFT_OPTIMIZATION_LEVEL = "-Onone";
			};
			name = Debug;
		};
		FD8885E220D9093C00276455 /* Release */ = {
			isa = XCBuildConfiguration;
			buildSettings = {
				ALWAYS_SEARCH_USER_PATHS = NO;
				CLANG_ANALYZER_NONNULL = YES;
				CLANG_ANALYZER_NUMBER_OBJECT_CONVERSION = YES_AGGRESSIVE;
				CLANG_CXX_LANGUAGE_STANDARD = "gnu++14";
				CLANG_CXX_LIBRARY = "libc++";
				CLANG_ENABLE_MODULES = YES;
				CLANG_ENABLE_OBJC_ARC = YES;
				CLANG_ENABLE_OBJC_WEAK = YES;
				CLANG_WARN_BLOCK_CAPTURE_AUTORELEASING = YES;
				CLANG_WARN_BOOL_CONVERSION = YES;
				CLANG_WARN_COMMA = YES;
				CLANG_WARN_CONSTANT_CONVERSION = YES;
				CLANG_WARN_DEPRECATED_OBJC_IMPLEMENTATIONS = YES;
				CLANG_WARN_DIRECT_OBJC_ISA_USAGE = YES_ERROR;
				CLANG_WARN_DOCUMENTATION_COMMENTS = YES;
				CLANG_WARN_EMPTY_BODY = YES;
				CLANG_WARN_ENUM_CONVERSION = YES;
				CLANG_WARN_INFINITE_RECURSION = YES;
				CLANG_WARN_INT_CONVERSION = YES;
				CLANG_WARN_NON_LITERAL_NULL_CONVERSION = YES;
				CLANG_WARN_OBJC_IMPLICIT_RETAIN_SELF = YES;
				CLANG_WARN_OBJC_LITERAL_CONVERSION = YES;
				CLANG_WARN_OBJC_ROOT_CLASS = YES_ERROR;
				CLANG_WARN_RANGE_LOOP_ANALYSIS = YES;
				CLANG_WARN_STRICT_PROTOTYPES = YES;
				CLANG_WARN_SUSPICIOUS_MOVE = YES;
				CLANG_WARN_UNGUARDED_AVAILABILITY = YES_AGGRESSIVE;
				CLANG_WARN_UNREACHABLE_CODE = YES;
				CLANG_WARN__DUPLICATE_METHOD_MATCH = YES;
				CODE_SIGN_IDENTITY = "iPhone Developer";
				COPY_PHASE_STRIP = NO;
				DEBUG_INFORMATION_FORMAT = "dwarf-with-dsym";
				ENABLE_NS_ASSERTIONS = NO;
				ENABLE_STRICT_OBJC_MSGSEND = YES;
				GCC_C_LANGUAGE_STANDARD = gnu11;
				GCC_NO_COMMON_BLOCKS = YES;
				GCC_WARN_64_TO_32_BIT_CONVERSION = YES;
				GCC_WARN_ABOUT_RETURN_TYPE = YES_ERROR;
				GCC_WARN_UNDECLARED_SELECTOR = YES;
				GCC_WARN_UNINITIALIZED_AUTOS = YES_AGGRESSIVE;
				GCC_WARN_UNUSED_FUNCTION = YES;
				GCC_WARN_UNUSED_VARIABLE = YES;
				IPHONEOS_DEPLOYMENT_TARGET = 11.3;
				MTL_ENABLE_DEBUG_INFO = NO;
				SDKROOT = iphoneos;
				SWIFT_COMPILATION_MODE = wholemodule;
				SWIFT_OPTIMIZATION_LEVEL = "-O";
				VALIDATE_PRODUCT = YES;
			};
			name = Release;
		};
		FD8885E420D9093C00276455 /* Debug */ = {
			isa = XCBuildConfiguration;
			baseConfigurationReference = C9FDDD4759865DA241054FF4 /* Pods-RxSwiftGuide.debug.xcconfig */;
			buildSettings = {
				ASSETCATALOG_COMPILER_APPICON_NAME = AppIcon;
				CODE_SIGN_STYLE = Automatic;
				DEVELOPMENT_TEAM = DZK6T3AW3W;
				INFOPLIST_FILE = RxSwiftGuide/Info.plist;
				LD_RUNPATH_SEARCH_PATHS = (
					"$(inherited)",
					"@executable_path/Frameworks",
				);
				PRODUCT_BUNDLE_IDENTIFIER = com.shanglv51.www.RxSwiftGuide;
				PRODUCT_NAME = "$(TARGET_NAME)";
				SWIFT_VERSION = 4.0;
				TARGETED_DEVICE_FAMILY = "1,2";
			};
			name = Debug;
		};
		FD8885E520D9093C00276455 /* Release */ = {
			isa = XCBuildConfiguration;
			baseConfigurationReference = 6CC3E021430C4FA08A305C39 /* Pods-RxSwiftGuide.release.xcconfig */;
			buildSettings = {
				ASSETCATALOG_COMPILER_APPICON_NAME = AppIcon;
				CODE_SIGN_STYLE = Automatic;
				DEVELOPMENT_TEAM = DZK6T3AW3W;
				INFOPLIST_FILE = RxSwiftGuide/Info.plist;
				LD_RUNPATH_SEARCH_PATHS = (
					"$(inherited)",
					"@executable_path/Frameworks",
				);
				PRODUCT_BUNDLE_IDENTIFIER = com.shanglv51.www.RxSwiftGuide;
				PRODUCT_NAME = "$(TARGET_NAME)";
				SWIFT_VERSION = 4.0;
				TARGETED_DEVICE_FAMILY = "1,2";
			};
			name = Release;
		};
		FD8885E720D9093C00276455 /* Debug */ = {
			isa = XCBuildConfiguration;
			baseConfigurationReference = ACC6926E8E346DA7E1684390 /* Pods-RxSwiftGuideTests.debug.xcconfig */;
			buildSettings = {
				ALWAYS_EMBED_SWIFT_STANDARD_LIBRARIES = YES;
				BUNDLE_LOADER = "$(TEST_HOST)";
				CODE_SIGN_STYLE = Automatic;
				DEVELOPMENT_TEAM = DZK6T3AW3W;
				INFOPLIST_FILE = RxSwiftGuideTests/Info.plist;
				LD_RUNPATH_SEARCH_PATHS = (
					"$(inherited)",
					"@executable_path/Frameworks",
					"@loader_path/Frameworks",
				);
				PRODUCT_BUNDLE_IDENTIFIER = com.shanglv51.www.RxSwiftGuideTests;
				PRODUCT_NAME = "$(TARGET_NAME)";
				SWIFT_VERSION = 4.0;
				TARGETED_DEVICE_FAMILY = "1,2";
				TEST_HOST = "$(BUILT_PRODUCTS_DIR)/RxSwiftGuide.app/RxSwiftGuide";
			};
			name = Debug;
		};
		FD8885E820D9093C00276455 /* Release */ = {
			isa = XCBuildConfiguration;
			baseConfigurationReference = 703B37C1ACEB2C2BB8828F37 /* Pods-RxSwiftGuideTests.release.xcconfig */;
			buildSettings = {
				ALWAYS_EMBED_SWIFT_STANDARD_LIBRARIES = YES;
				BUNDLE_LOADER = "$(TEST_HOST)";
				CODE_SIGN_STYLE = Automatic;
				DEVELOPMENT_TEAM = DZK6T3AW3W;
				INFOPLIST_FILE = RxSwiftGuideTests/Info.plist;
				LD_RUNPATH_SEARCH_PATHS = (
					"$(inherited)",
					"@executable_path/Frameworks",
					"@loader_path/Frameworks",
				);
				PRODUCT_BUNDLE_IDENTIFIER = com.shanglv51.www.RxSwiftGuideTests;
				PRODUCT_NAME = "$(TARGET_NAME)";
				SWIFT_VERSION = 4.0;
				TARGETED_DEVICE_FAMILY = "1,2";
				TEST_HOST = "$(BUILT_PRODUCTS_DIR)/RxSwiftGuide.app/RxSwiftGuide";
			};
			name = Release;
		};
		FD8885EA20D9093C00276455 /* Debug */ = {
			isa = XCBuildConfiguration;
			baseConfigurationReference = 69FAC89AD920DA861EA831F6 /* Pods-RxSwiftGuideUITests.debug.xcconfig */;
			buildSettings = {
				ALWAYS_EMBED_SWIFT_STANDARD_LIBRARIES = YES;
				CODE_SIGN_STYLE = Automatic;
				DEVELOPMENT_TEAM = DZK6T3AW3W;
				INFOPLIST_FILE = RxSwiftGuideUITests/Info.plist;
				LD_RUNPATH_SEARCH_PATHS = (
					"$(inherited)",
					"@executable_path/Frameworks",
					"@loader_path/Frameworks",
				);
				PRODUCT_BUNDLE_IDENTIFIER = com.shanglv51.www.RxSwiftGuideUITests;
				PRODUCT_NAME = "$(TARGET_NAME)";
				SWIFT_VERSION = 4.0;
				TARGETED_DEVICE_FAMILY = "1,2";
				TEST_TARGET_NAME = RxSwiftGuide;
			};
			name = Debug;
		};
		FD8885EB20D9093C00276455 /* Release */ = {
			isa = XCBuildConfiguration;
			baseConfigurationReference = 6D154FB43FBD541287D99A6B /* Pods-RxSwiftGuideUITests.release.xcconfig */;
			buildSettings = {
				ALWAYS_EMBED_SWIFT_STANDARD_LIBRARIES = YES;
				CODE_SIGN_STYLE = Automatic;
				DEVELOPMENT_TEAM = DZK6T3AW3W;
				INFOPLIST_FILE = RxSwiftGuideUITests/Info.plist;
				LD_RUNPATH_SEARCH_PATHS = (
					"$(inherited)",
					"@executable_path/Frameworks",
					"@loader_path/Frameworks",
				);
				PRODUCT_BUNDLE_IDENTIFIER = com.shanglv51.www.RxSwiftGuideUITests;
				PRODUCT_NAME = "$(TARGET_NAME)";
				SWIFT_VERSION = 4.0;
				TARGETED_DEVICE_FAMILY = "1,2";
				TEST_TARGET_NAME = RxSwiftGuide;
			};
			name = Release;
		};
/* End XCBuildConfiguration section */

/* Begin XCConfigurationList section */
		FD8885B620D9093B00276455 /* Build configuration list for PBXProject "RxSwiftGuide" */ = {
			isa = XCConfigurationList;
			buildConfigurations = (
				FD8885E120D9093C00276455 /* Debug */,
				FD8885E220D9093C00276455 /* Release */,
			);
			defaultConfigurationIsVisible = 0;
			defaultConfigurationName = Release;
		};
		FD8885E320D9093C00276455 /* Build configuration list for PBXNativeTarget "RxSwiftGuide" */ = {
			isa = XCConfigurationList;
			buildConfigurations = (
				FD8885E420D9093C00276455 /* Debug */,
				FD8885E520D9093C00276455 /* Release */,
			);
			defaultConfigurationIsVisible = 0;
			defaultConfigurationName = Release;
		};
		FD8885E620D9093C00276455 /* Build configuration list for PBXNativeTarget "RxSwiftGuideTests" */ = {
			isa = XCConfigurationList;
			buildConfigurations = (
				FD8885E720D9093C00276455 /* Debug */,
				FD8885E820D9093C00276455 /* Release */,
			);
			defaultConfigurationIsVisible = 0;
			defaultConfigurationName = Release;
		};
		FD8885E920D9093C00276455 /* Build configuration list for PBXNativeTarget "RxSwiftGuideUITests" */ = {
			isa = XCConfigurationList;
			buildConfigurations = (
				FD8885EA20D9093C00276455 /* Debug */,
				FD8885EB20D9093C00276455 /* Release */,
			);
			defaultConfigurationIsVisible = 0;
			defaultConfigurationName = Release;
		};
/* End XCConfigurationList section */
	};
	rootObject = FD8885B320D9093B00276455 /* Project object */;
}
